PODS:
  - Alamofire (3.1.3)
  - Realm (0.97.0):
    - Realm/Headers (= 0.97.0)
  - Realm/Headers (0.97.0)
  - RealmSwift (0.97.0):
    - Realm (= 0.97.0)
  - Spring (1.0.3)
  - SVProgressHUD (1.1.3)
  - SwiftyJSON (2.3.2)

DEPENDENCIES:
  - Alamofire
  - Realm
  - RealmSwift
  - Spring (from `https://github.com/MengTo/Spring.git`, branch `swift2`)
  - SVProgressHUD
  - SwiftyJSON

EXTERNAL SOURCES:
  Spring:
    :branch: swift2
    :git: https://github.com/MengTo/Spring.git

CHECKOUT OPTIONS:
  Spring:
    :commit: 18d5c7b74489de8044e34767f856d1e574f0820e
    :git: https://github.com/MengTo/Spring.git

SPEC CHECKSUMS:
  Alamofire: 9f93b56389e48def9220dd57d1f44b1927229a5a
  Realm: b498a6fb9d288b171ff98d0e2d4384c295be8990
  RealmSwift: d014810dec75c9a3f1a33926d2dabfed855c582c
  Spring: 3f02b5dc3308572ef177b3cad0fa7bbc4b0706f7
  SVProgressHUD: 748080e4f36e603f6c02aec292664239df5279c1
  SwiftyJSON: 04ccea08915aa0109039157c7974cf0298da292a

COCOAPODS: 0.38.2
